{
  "pins" : [
    {
      "identity" : "loadableview",
      "kind" : "remoteSourceControl",
      "location" : "https://github.com/anconaesselmann/LoadableView",
      "state" : {
        "revision" : "a63273f2ec71b9c9fc45f71cc6954cfd53d187c3",
        "version" : "0.9.2"
      }
    },
    {
      "identity" : "splash",
      "kind" : "remoteSourceControl",
      "location" : "https://github.com/JohnSundell/Splash",
      "state" : {
        "revision" : "7f4df436eb78fe64fe2c32c58006e9949fa28ad8",
        "version" : "0.16.0"
      }
    }
  ],
  "version" : 2
}
